
Microsoft Visual Studio Solution File, Format Version 12.00
# Visual Studio Version 17
VisualStudioVersion = 17.3.32901.215
MinimumVisualStudioVersion = 10.0.40219.1
Project("{FAE04EC0-301F-11D3-BF4B-00C04F79EFBC}") = "USB_Drive_Storage.Android", "USB_Drive_Storage.Android\USB_Drive_Storage.Android.csproj", "{82A0D4FC-3247-4617-944A-B58AA8F0648A}"
EndProject
Project("{FAE04EC0-301F-11D3-BF4B-00C04F79EFBC}") = "USB_Drive_Storage.iOS", "USB_Drive_Storage.iOS\USB_Drive_Storage.iOS.csproj", "{44D760CB-D348-4259-8A23-7F552F82ED77}"
EndProject
Project("{FAE04EC0-301F-11D3-BF4B-00C04F79EFBC}") = "USB_Drive_Storage", "USB_Drive_Storage\USB_Drive_Storage.csproj", "{718B4A52-B1CF-4AAA-8BA3-16A2E6C84EB0}"
EndProject
Global
	GlobalSection(SolutionConfigurationPlatforms) = preSolution
		Debug|Any CPU = Debug|Any CPU
		Debug|iPhone = Debug|iPhone
		Debug|iPhoneSimulator = Debug|iPhoneSimulator
		Release|Any CPU = Release|Any CPU
		Release|iPhone = Release|iPhone
		Release|iPhoneSimulator = Release|iPhoneSimulator
	EndGlobalSection
	GlobalSection(ProjectConfigurationPlatforms) = postSolution
		{82A0D4FC-3247-4617-944A-B58AA8F0648A}.Debug|Any CPU.ActiveCfg = Debug|Any CPU
		{82A0D4FC-3247-4617-944A-B58AA8F0648A}.Debug|Any CPU.Build.0 = Debug|Any CPU
		{82A0D4FC-3247-4617-944A-B58AA8F0648A}.Debug|Any CPU.Deploy.0 = Debug|Any CPU
		{82A0D4FC-3247-4617-944A-B58AA8F0648A}.Debug|iPhone.ActiveCfg = Debug|Any CPU
		{82A0D4FC-3247-4617-944A-B58AA8F0648A}.Debug|iPhone.Build.0 = Debug|Any CPU
		{82A0D4FC-3247-4617-944A-B58AA8F0648A}.Debug|iPhone.Deploy.0 = Debug|Any CPU
		{82A0D4FC-3247-4617-944A-B58AA8F0648A}.Debug|iPhoneSimulator.ActiveCfg = Debug|Any CPU
		{82A0D4FC-3247-4617-944A-B58AA8F0648A}.Debug|iPhoneSimulator.Build.0 = Debug|Any CPU
		{82A0D4FC-3247-4617-944A-B58AA8F0648A}.Debug|iPhoneSimulator.Deploy.0 = Debug|Any CPU
		{82A0D4FC-3247-4617-944A-B58AA8F0648A}.Release|Any CPU.ActiveCfg = Release|Any CPU
		{82A0D4FC-3247-4617-944A-B58AA8F0648A}.Release|Any CPU.Build.0 = Release|Any CPU
		{82A0D4FC-3247-4617-944A-B58AA8F0648A}.Release|Any CPU.Deploy.0 = Release|Any CPU
		{82A0D4FC-3247-4617-944A-B58AA8F0648A}.Release|iPhone.ActiveCfg = Release|Any CPU
		{82A0D4FC-3247-4617-944A-B58AA8F0648A}.Release|iPhone.Build.0 = Release|Any CPU
		{82A0D4FC-3247-4617-944A-B58AA8F0648A}.Release|iPhone.Deploy.0 = Release|Any CPU
		{82A0D4FC-3247-4617-944A-B58AA8F0648A}.Release|iPhoneSimulator.ActiveCfg = Release|Any CPU
		{82A0D4FC-3247-4617-944A-B58AA8F0648A}.Release|iPhoneSimulator.Build.0 = Release|Any CPU
		{82A0D4FC-3247-4617-944A-B58AA8F0648A}.Release|iPhoneSimulator.Deploy.0 = Release|Any CPU
		{44D760CB-D348-4259-8A23-7F552F82ED77}.Debug|Any CPU.ActiveCfg = Debug|iPhone
		{44D760CB-D348-4259-8A23-7F552F82ED77}.Debug|Any CPU.Build.0 = Debug|iPhone
		{44D760CB-D348-4259-8A23-7F552F82ED77}.Debug|Any CPU.Deploy.0 = Debug|iPhone
		{44D760CB-D348-4259-8A23-7F552F82ED77}.Debug|iPhone.ActiveCfg = Debug|iPhone
		{44D760CB-D348-4259-8A23-7F552F82ED77}.Debug|iPhone.Build.0 = Debug|iPhone
		{44D760CB-D348-4259-8A23-7F552F82ED77}.Debug|iPhone.Deploy.0 = Debug|iPhone
		{44D760CB-D348-4259-8A23-7F552F82ED77}.Debug|iPhoneSimulator.ActiveCfg = Debug|iPhoneSimulator
		{44D760CB-D348-4259-8A23-7F552F82ED77}.Debug|iPhoneSimulator.Build.0 = Debug|iPhoneSimulator
		{44D760CB-D348-4259-8A23-7F552F82ED77}.Debug|iPhoneSimulator.Deploy.0 = Debug|iPhoneSimulator
		{44D760CB-D348-4259-8A23-7F552F82ED77}.Release|Any CPU.ActiveCfg = Release|iPhoneSimulator
		{44D760CB-D348-4259-8A23-7F552F82ED77}.Release|Any CPU.Build.0 = Release|iPhoneSimulator
		{44D760CB-D348-4259-8A23-7F552F82ED77}.Release|Any CPU.Deploy.0 = Release|iPhoneSimulator
		{44D760CB-D348-4259-8A23-7F552F82ED77}.Release|iPhone.ActiveCfg = Release|iPhone
		{44D760CB-D348-4259-8A23-7F552F82ED77}.Release|iPhone.Build.0 = Release|iPhone
		{44D760CB-D348-4259-8A23-7F552F82ED77}.Release|iPhone.Deploy.0 = Release|iPhone
		{44D760CB-D348-4259-8A23-7F552F82ED77}.Release|iPhoneSimulator.ActiveCfg = Release|iPhoneSimulator
		{44D760CB-D348-4259-8A23-7F552F82ED77}.Release|iPhoneSimulator.Build.0 = Release|iPhoneSimulator
		{44D760CB-D348-4259-8A23-7F552F82ED77}.Release|iPhoneSimulator.Deploy.0 = Release|iPhoneSimulator
		{718B4A52-B1CF-4AAA-8BA3-16A2E6C84EB0}.Debug|Any CPU.ActiveCfg = Debug|Any CPU
		{718B4A52-B1CF-4AAA-8BA3-16A2E6C84EB0}.Debug|Any CPU.Build.0 = Debug|Any CPU
		{718B4A52-B1CF-4AAA-8BA3-16A2E6C84EB0}.Debug|Any CPU.Deploy.0 = Debug|Any CPU
		{718B4A52-B1CF-4AAA-8BA3-16A2E6C84EB0}.Debug|iPhone.ActiveCfg = Debug|Any CPU
		{718B4A52-B1CF-4AAA-8BA3-16A2E6C84EB0}.Debug|iPhone.Build.0 = Debug|Any CPU
		{718B4A52-B1CF-4AAA-8BA3-16A2E6C84EB0}.Debug|iPhone.Deploy.0 = Debug|Any CPU
		{718B4A52-B1CF-4AAA-8BA3-16A2E6C84EB0}.Debug|iPhoneSimulator.ActiveCfg = Debug|Any CPU
		{718B4A52-B1CF-4AAA-8BA3-16A2E6C84EB0}.Debug|iPhoneSimulator.Build.0 = Debug|Any CPU
		{718B4A52-B1CF-4AAA-8BA3-16A2E6C84EB0}.Debug|iPhoneSimulator.Deploy.0 = Debug|Any CPU
		{718B4A52-B1CF-4AAA-8BA3-16A2E6C84EB0}.Release|Any CPU.ActiveCfg = Release|Any CPU
		{718B4A52-B1CF-4AAA-8BA3-16A2E6C84EB0}.Release|Any CPU.Build.0 = Release|Any CPU
		{718B4A52-B1CF-4AAA-8BA3-16A2E6C84EB0}.Release|Any CPU.Deploy.0 = Release|Any CPU
		{718B4A52-B1CF-4AAA-8BA3-16A2E6C84EB0}.Release|iPhone.ActiveCfg = Release|Any CPU
		{718B4A52-B1CF-4AAA-8BA3-16A2E6C84EB0}.Release|iPhone.Build.0 = Release|Any CPU
		{718B4A52-B1CF-4AAA-8BA3-16A2E6C84EB0}.Release|iPhone.Deploy.0 = Release|Any CPU
		{718B4A52-B1CF-4AAA-8BA3-16A2E6C84EB0}.Release|iPhoneSimulator.ActiveCfg = Release|Any CPU
		{718B4A52-B1CF-4AAA-8BA3-16A2E6C84EB0}.Release|iPhoneSimulator.Build.0 = Release|Any CPU
		{718B4A52-B1CF-4AAA-8BA3-16A2E6C84EB0}.Release|iPhoneSimulator.Deploy.0 = Release|Any CPU
	EndGlobalSection
	GlobalSection(SolutionProperties) = preSolution
		HideSolutionNode = FALSE
	EndGlobalSection
	GlobalSection(ExtensibilityGlobals) = postSolution
		SolutionGuid = {40F7D584-52C2-4854-AC41-EDD072179E72}
	EndGlobalSection
EndGlobal
